// !$*UTF8*$!
{
	archiveVersion = 1;
	classes = {
	};
	objectVersion = 56;
	objects = {

/* Begin PBXBuildFile section */
		98DD4BD22B2FF1DD005FECDB /* OpenGL.framework in Frameworks */ = {isa = PBXBuildFile; fileRef = 98DD4BD12B2FF1DD005FECDB /* OpenGL.framework */; };
		98DD4BD42B2FF20E005FECDB /* libglfw.3.3.dylib in Frameworks */ = {isa = PBXBuildFile; fileRef = 98DD4BD32B2FF20E005FECDB /* libglfw.3.3.dylib */; };
		98DD4CC92B31718B005FECDB /* Mapping.cpp in Sources */ = {isa = PBXBuildFile; fileRef = 98DD4CC72B31718B005FECDB /* Mapping.cpp */; };
		98DD4CD12B34319C005FECDB /* j3a.cpp in Sources */ = {isa = PBXBuildFile; fileRef = 98DD4CCD2B317241005FECDB /* j3a.cpp */; };
/* End PBXBuildFile section */

/* Begin PBXCopyFilesBuildPhase section */
		98DD4BC42B2FF162005FECDB /* CopyFiles */ = {
			isa = PBXCopyFilesBuildPhase;
			buildActionMask = 2147483647;
			dstPath = /usr/share/man/man1/;
			dstSubfolderSpec = 0;
			files = (
			);
			runOnlyForDeploymentPostprocessing = 1;
		};
/* End PBXCopyFilesBuildPhase section */

/* Begin PBXFileReference section */
		98DD4BC62B2FF162005FECDB /* LTMapping */ = {isa = PBXFileReference; explicitFileType = "compiled.mach-o.executable"; includeInIndex = 0; path = LTMapping; sourceTree = BUILT_PRODUCTS_DIR; };
		98DD4BC92B2FF162005FECDB /* main.cpp */ = {isa = PBXFileReference; lastKnownFileType = sourcecode.cpp.cpp; path = main.cpp; sourceTree = "<group>"; };
		98DD4BD12B2FF1DD005FECDB /* OpenGL.framework */ = {isa = PBXFileReference; lastKnownFileType = wrapper.framework; name = OpenGL.framework; path = System/Library/Frameworks/OpenGL.framework; sourceTree = SDKROOT; };
		98DD4BD32B2FF20E005FECDB /* libglfw.3.3.dylib */ = {isa = PBXFileReference; lastKnownFileType = "compiled.mach-o.dylib"; name = libglfw.3.3.dylib; path = ../../../../../opt/homebrew/Cellar/glfw/3.3.8/lib/libglfw.3.3.dylib; sourceTree = "<group>"; };
		98DD4BD52B2FF245005FECDB /* LTMapping.entitlements */ = {isa = PBXFileReference; lastKnownFileType = text.plist.entitlements; path = LTMapping.entitlements; sourceTree = "<group>"; };
		98DD4CC72B31718B005FECDB /* Mapping.cpp */ = {isa = PBXFileReference; lastKnownFileType = sourcecode.cpp.cpp; path = Mapping.cpp; sourceTree = "<group>"; };
		98DD4CC82B31718B005FECDB /* Mapping.hpp */ = {isa = PBXFileReference; lastKnownFileType = sourcecode.cpp.h; path = Mapping.hpp; sourceTree = "<group>"; };
		98DD4CCA2B317241005FECDB /* shader.vert */ = {isa = PBXFileReference; fileEncoding = 4; lastKnownFileType = sourcecode.glsl; path = shader.vert; sourceTree = "<group>"; };
		98DD4CCB2B317241005FECDB /* shader.frag */ = {isa = PBXFileReference; fileEncoding = 4; lastKnownFileType = sourcecode.glsl; path = shader.frag; sourceTree = "<group>"; };
		98DD4CCC2B317241005FECDB /* j3a.hpp */ = {isa = PBXFileReference; fileEncoding = 4; lastKnownFileType = sourcecode.cpp.h; path = j3a.hpp; sourceTree = "<group>"; };
		98DD4CCD2B317241005FECDB /* j3a.cpp */ = {isa = PBXFileReference; fileEncoding = 4; lastKnownFileType = sourcecode.cpp.cpp; path = j3a.cpp; sourceTree = "<group>"; };
		98DD4CD02B3172A1005FECDB /* toys.h */ = {isa = PBXFileReference; lastKnownFileType = sourcecode.c.h; path = toys.h; sourceTree = "<group>"; };
/* End PBXFileReference section */

/* Begin PBXFrameworksBuildPhase section */
		98DD4BC32B2FF162005FECDB /* Frameworks */ = {
			isa = PBXFrameworksBuildPhase;
			buildActionMask = 2147483647;
			files = (
				98DD4BD42B2FF20E005FECDB /* libglfw.3.3.dylib in Frameworks */,
				98DD4BD22B2FF1DD005FECDB /* OpenGL.framework in Frameworks */,
			);
			runOnlyForDeploymentPostprocessing = 0;
		};
/* End PBXFrameworksBuildPhase section */

/* Begin PBXGroup section */
		98DD4BBD2B2FF162005FECDB = {
			isa = PBXGroup;
			children = (
				98DD4BC82B2FF162005FECDB /* LTMapping */,
				98DD4BC72B2FF162005FECDB /* Products */,
				98DD4BD02B2FF1DD005FECDB /* Frameworks */,
			);
			sourceTree = "<group>";
		};
		98DD4BC72B2FF162005FECDB /* Products */ = {
			isa = PBXGroup;
			children = (
				98DD4BC62B2FF162005FECDB /* LTMapping */,
			);
			name = Products;
			sourceTree = "<group>";
		};
		98DD4BC82B2FF162005FECDB /* LTMapping */ = {
			isa = PBXGroup;
			children = (
				98DD4CD02B3172A1005FECDB /* toys.h */,
				98DD4CCD2B317241005FECDB /* j3a.cpp */,
				98DD4CCC2B317241005FECDB /* j3a.hpp */,
				98DD4CCB2B317241005FECDB /* shader.frag */,
				98DD4CCA2B317241005FECDB /* shader.vert */,
				98DD4BD52B2FF245005FECDB /* LTMapping.entitlements */,
				98DD4BC92B2FF162005FECDB /* main.cpp */,
				98DD4CC72B31718B005FECDB /* Mapping.cpp */,
				98DD4CC82B31718B005FECDB /* Mapping.hpp */,
			);
			path = LTMapping;
			sourceTree = "<group>";
		};
		98DD4BD02B2FF1DD005FECDB /* Frameworks */ = {
			isa = PBXGroup;
			children = (
				98DD4BD32B2FF20E005FECDB /* libglfw.3.3.dylib */,
				98DD4BD12B2FF1DD005FECDB /* OpenGL.framework */,
			);
			name = Frameworks;
			sourceTree = "<group>";
		};
/* End PBXGroup section */

/* Begin PBXNativeTarget section */
		98DD4BC52B2FF162005FECDB /* LTMapping */ = {
			isa = PBXNativeTarget;
			buildConfigurationList = 98DD4BCD2B2FF162005FECDB /* Build configuration list for PBXNativeTarget "LTMapping" */;
			buildPhases = (
				98DD4BC22B2FF162005FECDB /* Sources */,
				98DD4BC32B2FF162005FECDB /* Frameworks */,
				98DD4BC42B2FF162005FECDB /* CopyFiles */,
			);
			buildRules = (
			);
			dependencies = (
			);
			name = LTMapping;
			productName = LTMapping;
			productReference = 98DD4BC62B2FF162005FECDB /* LTMapping */;
			productType = "com.apple.product-type.tool";
		};
/* End PBXNativeTarget section */

/* Begin PBXProject section */
		98DD4BBE2B2FF162005FECDB /* Project object */ = {
			isa = PBXProject;
			attributes = {
				BuildIndependentTargetsInParallel = 1;
				LastUpgradeCheck = 1430;
				TargetAttributes = {
					98DD4BC52B2FF162005FECDB = {
						CreatedOnToolsVersion = 14.3.1;
					};
				};
			};
			buildConfigurationList = 98DD4BC12B2FF162005FECDB /* Build configuration list for PBXProject "LTMapping" */;
			compatibilityVersion = "Xcode 14.0";
			developmentRegion = en;
			hasScannedForEncodings = 0;
			knownRegions = (
				en,
				Base,
			);
			mainGroup = 98DD4BBD2B2FF162005FECDB;
			productRefGroup = 98DD4BC72B2FF162005FECDB /* Products */;
			projectDirPath = "";
			projectRoot = "";
			targets = (
				98DD4BC52B2FF162005FECDB /* LTMapping */,
			);
		};
/* End PBXProject section */

/* Begin PBXSourcesBuildPhase section */
		98DD4BC22B2FF162005FECDB /* Sources */ = {
			isa = PBXSourcesBuildPhase;
			buildActionMask = 2147483647;
			files = (
				98DD4CD12B34319C005FECDB /* j3a.cpp in Sources */,
				98DD4CC92B31718B005FECDB /* Mapping.cpp in Sources */,
			);
			runOnlyForDeploymentPostprocessing = 0;
		};
/* End PBXSourcesBuildPhase section */

/* Begin XCBuildConfiguration section */
		98DD4BCB2B2FF162005FECDB /* Debug */ = {
			isa = XCBuildConfiguration;
			buildSettings = {
				ALWAYS_SEARCH_USER_PATHS = NO;
				CLANG_ANALYZER_NONNULL = YES;
				CLANG_ANALYZER_NUMBER_OBJECT_CONVERSION = YES_AGGRESSIVE;
				CLANG_CXX_LANGUAGE_STANDARD = "gnu++20";
				CLANG_ENABLE_MODULES = YES;
				CLANG_ENABLE_OBJC_ARC = YES;
				CLANG_ENABLE_OBJC_WEAK = YES;
				CLANG_WARN_BLOCK_CAPTURE_AUTORELEASING = YES;
				CLANG_WARN_BOOL_CONVERSION = YES;
				CLANG_WARN_COMMA = YES;
				CLANG_WARN_CONSTANT_CONVERSION = YES;
				CLANG_WARN_DEPRECATED_OBJC_IMPLEMENTATIONS = YES;
				CLANG_WARN_DIRECT_OBJC_ISA_USAGE = YES_ERROR;
				CLANG_WARN_DOCUMENTATION_COMMENTS = YES;
				CLANG_WARN_EMPTY_BODY = YES;
				CLANG_WARN_ENUM_CONVERSION = YES;
				CLANG_WARN_INFINITE_RECURSION = YES;
				CLANG_WARN_INT_CONVERSION = YES;
				CLANG_WARN_NON_LITERAL_NULL_CONVERSION = YES;
				CLANG_WARN_OBJC_IMPLICIT_RETAIN_SELF = YES;
				CLANG_WARN_OBJC_LITERAL_CONVERSION = YES;
				CLANG_WARN_OBJC_ROOT_CLASS = YES_ERROR;
				CLANG_WARN_QUOTED_INCLUDE_IN_FRAMEWORK_HEADER = YES;
				CLANG_WARN_RANGE_LOOP_ANALYSIS = YES;
				CLANG_WARN_STRICT_PROTOTYPES = YES;
				CLANG_WARN_SUSPICIOUS_MOVE = YES;
				CLANG_WARN_UNGUARDED_AVAILABILITY = YES_AGGRESSIVE;
				CLANG_WARN_UNREACHABLE_CODE = YES;
				CLANG_WARN__DUPLICATE_METHOD_MATCH = YES;
				COPY_PHASE_STRIP = NO;
				DEBUG_INFORMATION_FORMAT = dwarf;
				ENABLE_STRICT_OBJC_MSGSEND = YES;
				ENABLE_TESTABILITY = YES;
				GCC_C_LANGUAGE_STANDARD = gnu11;
				GCC_DYNAMIC_NO_PIC = NO;
				GCC_NO_COMMON_BLOCKS = YES;
				GCC_OPTIMIZATION_LEVEL = 0;
				GCC_PREPROCESSOR_DEFINITIONS = (
					"DEBUG=1",
					"$(inherited)",
				);
				GCC_WARN_64_TO_32_BIT_CONVERSION = YES;
				GCC_WARN_ABOUT_RETURN_TYPE = YES_ERROR;
				GCC_WARN_UNDECLARED_SELECTOR = YES;
				GCC_WARN_UNINITIALIZED_AUTOS = YES_AGGRESSIVE;
				GCC_WARN_UNUSED_FUNCTION = YES;
				GCC_WARN_UNUSED_VARIABLE = YES;
				MACOSX_DEPLOYMENT_TARGET = 13.2;
				MTL_ENABLE_DEBUG_INFO = INCLUDE_SOURCE;
				MTL_FAST_MATH = YES;
				ONLY_ACTIVE_ARCH = YES;
				SDKROOT = macosx;
			};
			name = Debug;
		};
		98DD4BCC2B2FF162005FECDB /* Release */ = {
			isa = XCBuildConfiguration;
			buildSettings = {
				ALWAYS_SEARCH_USER_PATHS = NO;
				CLANG_ANALYZER_NONNULL = YES;
				CLANG_ANALYZER_NUMBER_OBJECT_CONVERSION = YES_AGGRESSIVE;
				CLANG_CXX_LANGUAGE_STANDARD = "gnu++20";
				CLANG_ENABLE_MODULES = YES;
				CLANG_ENABLE_OBJC_ARC = YES;
				CLANG_ENABLE_OBJC_WEAK = YES;
				CLANG_WARN_BLOCK_CAPTURE_AUTORELEASING = YES;
				CLANG_WARN_BOOL_CONVERSION = YES;
				CLANG_WARN_COMMA = YES;
				CLANG_WARN_CONSTANT_CONVERSION = YES;
				CLANG_WARN_DEPRECATED_OBJC_IMPLEMENTATIONS = YES;
				CLANG_WARN_DIRECT_OBJC_ISA_USAGE = YES_ERROR;
				CLANG_WARN_DOCUMENTATION_COMMENTS = YES;
				CLANG_WARN_EMPTY_BODY = YES;
				CLANG_WARN_ENUM_CONVERSION = YES;
				CLANG_WARN_INFINITE_RECURSION = YES;
				CLANG_WARN_INT_CONVERSION = YES;
				CLANG_WARN_NON_LITERAL_NULL_CONVERSION = YES;
				CLANG_WARN_OBJC_IMPLICIT_RETAIN_SELF = YES;
				CLANG_WARN_OBJC_LITERAL_CONVERSION = YES;
				CLANG_WARN_OBJC_ROOT_CLASS = YES_ERROR;
				CLANG_WARN_QUOTED_INCLUDE_IN_FRAMEWORK_HEADER = YES;
				CLANG_WARN_RANGE_LOOP_ANALYSIS = YES;
				CLANG_WARN_STRICT_PROTOTYPES = YES;
				CLANG_WARN_SUSPICIOUS_MOVE = YES;
				CLANG_WARN_UNGUARDED_AVAILABILITY = YES_AGGRESSIVE;
				CLANG_WARN_UNREACHABLE_CODE = YES;
				CLANG_WARN__DUPLICATE_METHOD_MATCH = YES;
				COPY_PHASE_STRIP = NO;
				DEBUG_INFORMATION_FORMAT = "dwarf-with-dsym";
				ENABLE_NS_ASSERTIONS = NO;
				ENABLE_STRICT_OBJC_MSGSEND = YES;
				GCC_C_LANGUAGE_STANDARD = gnu11;
				GCC_NO_COMMON_BLOCKS = YES;
				GCC_WARN_64_TO_32_BIT_CONVERSION = YES;
				GCC_WARN_ABOUT_RETURN_TYPE = YES_ERROR;
				GCC_WARN_UNDECLARED_SELECTOR = YES;
				GCC_WARN_UNINITIALIZED_AUTOS = YES_AGGRESSIVE;
				GCC_WARN_UNUSED_FUNCTION = YES;
				GCC_WARN_UNUSED_VARIABLE = YES;
				MACOSX_DEPLOYMENT_TARGET = 13.2;
				MTL_ENABLE_DEBUG_INFO = NO;
				MTL_FAST_MATH = YES;
				SDKROOT = macosx;
			};
			name = Release;
		};
		98DD4BCE2B2FF162005FECDB /* Debug */ = {
			isa = XCBuildConfiguration;
			buildSettings = {
				CODE_SIGN_ENTITLEMENTS = LTMapping/LTMapping.entitlements;
				CODE_SIGN_STYLE = Automatic;
				DEVELOPMENT_TEAM = YMHK2GCUQH;
				ENABLE_HARDENED_RUNTIME = YES;
				HEADER_SEARCH_PATHS = /opt/homebrew/include;
				LIBRARY_SEARCH_PATHS = /opt/homebrew/Cellar/glfw/3.3.8/lib;
				PRODUCT_NAME = "$(TARGET_NAME)";
			};
			name = Debug;
		};
		98DD4BCF2B2FF162005FECDB /* Release */ = {
			isa = XCBuildConfiguration;
			buildSettings = {
				CODE_SIGN_ENTITLEMENTS = LTMapping/LTMapping.entitlements;
				CODE_SIGN_STYLE = Automatic;
				DEVELOPMENT_TEAM = YMHK2GCUQH;
				ENABLE_HARDENED_RUNTIME = YES;
				HEADER_SEARCH_PATHS = /opt/homebrew/include;
				LIBRARY_SEARCH_PATHS = /opt/homebrew/Cellar/glfw/3.3.8/lib;
				PRODUCT_NAME = "$(TARGET_NAME)";
			};
			name = Release;
		};
/* End XCBuildConfiguration section */

/* Begin XCConfigurationList section */
		98DD4BC12B2FF162005FECDB /* Build configuration list for PBXProject "LTMapping" */ = {
			isa = XCConfigurationList;
			buildConfigurations = (
				98DD4BCB2B2FF162005FECDB /* Debug */,
				98DD4BCC2B2FF162005FECDB /* Release */,
			);
			defaultConfigurationIsVisible = 0;
			defaultConfigurationName = Release;
		};
		98DD4BCD2B2FF162005FECDB /* Build configuration list for PBXNativeTarget "LTMapping" */ = {
			isa = XCConfigurationList;
			buildConfigurations = (
				98DD4BCE2B2FF162005FECDB /* Debug */,
				98DD4BCF2B2FF162005FECDB /* Release */,
			);
			defaultConfigurationIsVisible = 0;
			defaultConfigurationName = Release;
		};
/* End XCConfigurationList section */
	};
	rootObject = 98DD4BBE2B2FF162005FECDB /* Project object */;
}
